
Microsoft Visual Studio Solution File, Format Version 11.00
# Visual Studio 2010
Project("{FAE04EC0-301F-11D3-BF4B-00C04F79EFBC}") = "SimulationPhys1_2", "SimulationPhys1_1\SimulationPhys1_2.csproj", "{D2592A45-5A56-497A-83FC-08C477442B67}"
EndProject
Project("{FAE04EC0-301F-11D3-BF4B-00C04F79EFBC}") = "SimulationPhys1_3", "SimulationPhys1_3\SimulationPhys1_3.csproj", "{333C418E-3FC1-435D-BD8A-1960A8EF7DD2}"
EndProject
Project("{FAE04EC0-301F-11D3-BF4B-00C04F79EFBC}") = "SimulationPhys2_5", "SimulationPhys2_5\SimulationPhys2_5.csproj", "{E312713D-BA84-49FE-B139-A34CEBEB3EC5}"
EndProject
Project("{FAE04EC0-301F-11D3-BF4B-00C04F79EFBC}") = "SimulationPhys2_5_WPF", "SimulationPhys2_5_WPF\SimulationPhys2_5_WPF.csproj", "{B798EB9E-A08B-42D3-92FC-EB92F1F66874}"
EndProject
Project("{FAE04EC0-301F-11D3-BF4B-00C04F79EFBC}") = "SimulationPhysLib", "SimulationPhysLib\SimulationPhysLib.csproj", "{FB840167-4B58-48C6-B7B8-B1EBA1B26B15}"
EndProject
Project("{FAE04EC0-301F-11D3-BF4B-00C04F79EFBC}") = "SimulationPhys3_6", "SimulationPhys3_6\SimulationPhys3_6.csproj", "{DBF48EE7-9FE1-400F-A74B-85A01AFDE948}"
EndProject
Project("{FAE04EC0-301F-11D3-BF4B-00C04F79EFBC}") = "SimulationPhys4_7", "SimulationPhys4_7\SimulationPhys4_7.csproj", "{2DF07FAA-DCF1-4AAB-A310-2C3744C9EE7E}"
EndProject
Project("{FAE04EC0-301F-11D3-BF4B-00C04F79EFBC}") = "SimulationPhys4_8", "SimulationPhys4_8\SimulationPhys4_8.csproj", "{10967017-57D8-4439-8068-A3F274A4667B}"
EndProject
Project("{FAE04EC0-301F-11D3-BF4B-00C04F79EFBC}") = "SimulationPhys4_9", "SimulationPhys4_9\SimulationPhys4_9.csproj", "{59FDF809-84BD-4F15-99BC-D2A1E968853B}"
EndProject
Global
	GlobalSection(SolutionConfigurationPlatforms) = preSolution
		Debug|Any CPU = Debug|Any CPU
		Debug|Mixed Platforms = Debug|Mixed Platforms
		Debug|x86 = Debug|x86
		Release|Any CPU = Release|Any CPU
		Release|Mixed Platforms = Release|Mixed Platforms
		Release|x86 = Release|x86
	EndGlobalSection
	GlobalSection(ProjectConfigurationPlatforms) = postSolution
		{D2592A45-5A56-497A-83FC-08C477442B67}.Debug|Any CPU.ActiveCfg = Debug|x86
		{D2592A45-5A56-497A-83FC-08C477442B67}.Debug|Mixed Platforms.ActiveCfg = Debug|x86
		{D2592A45-5A56-497A-83FC-08C477442B67}.Debug|Mixed Platforms.Build.0 = Debug|x86
		{D2592A45-5A56-497A-83FC-08C477442B67}.Debug|x86.ActiveCfg = Debug|x86
		{D2592A45-5A56-497A-83FC-08C477442B67}.Debug|x86.Build.0 = Debug|x86
		{D2592A45-5A56-497A-83FC-08C477442B67}.Release|Any CPU.ActiveCfg = Release|x86
		{D2592A45-5A56-497A-83FC-08C477442B67}.Release|Mixed Platforms.ActiveCfg = Release|x86
		{D2592A45-5A56-497A-83FC-08C477442B67}.Release|Mixed Platforms.Build.0 = Release|x86
		{D2592A45-5A56-497A-83FC-08C477442B67}.Release|x86.ActiveCfg = Release|x86
		{D2592A45-5A56-497A-83FC-08C477442B67}.Release|x86.Build.0 = Release|x86
		{333C418E-3FC1-435D-BD8A-1960A8EF7DD2}.Debug|Any CPU.ActiveCfg = Debug|x86
		{333C418E-3FC1-435D-BD8A-1960A8EF7DD2}.Debug|Mixed Platforms.ActiveCfg = Debug|x86
		{333C418E-3FC1-435D-BD8A-1960A8EF7DD2}.Debug|Mixed Platforms.Build.0 = Debug|x86
		{333C418E-3FC1-435D-BD8A-1960A8EF7DD2}.Debug|x86.ActiveCfg = Debug|x86
		{333C418E-3FC1-435D-BD8A-1960A8EF7DD2}.Debug|x86.Build.0 = Debug|x86
		{333C418E-3FC1-435D-BD8A-1960A8EF7DD2}.Release|Any CPU.ActiveCfg = Release|x86
		{333C418E-3FC1-435D-BD8A-1960A8EF7DD2}.Release|Mixed Platforms.ActiveCfg = Release|x86
		{333C418E-3FC1-435D-BD8A-1960A8EF7DD2}.Release|Mixed Platforms.Build.0 = Release|x86
		{333C418E-3FC1-435D-BD8A-1960A8EF7DD2}.Release|x86.ActiveCfg = Release|x86
		{333C418E-3FC1-435D-BD8A-1960A8EF7DD2}.Release|x86.Build.0 = Release|x86
		{E312713D-BA84-49FE-B139-A34CEBEB3EC5}.Debug|Any CPU.ActiveCfg = Debug|x86
		{E312713D-BA84-49FE-B139-A34CEBEB3EC5}.Debug|Mixed Platforms.ActiveCfg = Debug|x86
		{E312713D-BA84-49FE-B139-A34CEBEB3EC5}.Debug|Mixed Platforms.Build.0 = Debug|x86
		{E312713D-BA84-49FE-B139-A34CEBEB3EC5}.Debug|x86.ActiveCfg = Debug|x86
		{E312713D-BA84-49FE-B139-A34CEBEB3EC5}.Debug|x86.Build.0 = Debug|x86
		{E312713D-BA84-49FE-B139-A34CEBEB3EC5}.Release|Any CPU.ActiveCfg = Release|x86
		{E312713D-BA84-49FE-B139-A34CEBEB3EC5}.Release|Mixed Platforms.ActiveCfg = Release|x86
		{E312713D-BA84-49FE-B139-A34CEBEB3EC5}.Release|Mixed Platforms.Build.0 = Release|x86
		{E312713D-BA84-49FE-B139-A34CEBEB3EC5}.Release|x86.ActiveCfg = Release|x86
		{E312713D-BA84-49FE-B139-A34CEBEB3EC5}.Release|x86.Build.0 = Release|x86
		{B798EB9E-A08B-42D3-92FC-EB92F1F66874}.Debug|Any CPU.ActiveCfg = Debug|x86
		{B798EB9E-A08B-42D3-92FC-EB92F1F66874}.Debug|Mixed Platforms.ActiveCfg = Debug|x86
		{B798EB9E-A08B-42D3-92FC-EB92F1F66874}.Debug|Mixed Platforms.Build.0 = Debug|x86
		{B798EB9E-A08B-42D3-92FC-EB92F1F66874}.Debug|x86.ActiveCfg = Debug|x86
		{B798EB9E-A08B-42D3-92FC-EB92F1F66874}.Debug|x86.Build.0 = Debug|x86
		{B798EB9E-A08B-42D3-92FC-EB92F1F66874}.Release|Any CPU.ActiveCfg = Release|x86
		{B798EB9E-A08B-42D3-92FC-EB92F1F66874}.Release|Mixed Platforms.ActiveCfg = Release|x86
		{B798EB9E-A08B-42D3-92FC-EB92F1F66874}.Release|Mixed Platforms.Build.0 = Release|x86
		{B798EB9E-A08B-42D3-92FC-EB92F1F66874}.Release|x86.ActiveCfg = Release|x86
		{B798EB9E-A08B-42D3-92FC-EB92F1F66874}.Release|x86.Build.0 = Release|x86
		{FB840167-4B58-48C6-B7B8-B1EBA1B26B15}.Debug|Any CPU.ActiveCfg = Debug|Any CPU
		{FB840167-4B58-48C6-B7B8-B1EBA1B26B15}.Debug|Any CPU.Build.0 = Debug|Any CPU
		{FB840167-4B58-48C6-B7B8-B1EBA1B26B15}.Debug|Mixed Platforms.ActiveCfg = Debug|Any CPU
		{FB840167-4B58-48C6-B7B8-B1EBA1B26B15}.Debug|Mixed Platforms.Build.0 = Debug|Any CPU
		{FB840167-4B58-48C6-B7B8-B1EBA1B26B15}.Debug|x86.ActiveCfg = Debug|Any CPU
		{FB840167-4B58-48C6-B7B8-B1EBA1B26B15}.Release|Any CPU.ActiveCfg = Release|Any CPU
		{FB840167-4B58-48C6-B7B8-B1EBA1B26B15}.Release|Any CPU.Build.0 = Release|Any CPU
		{FB840167-4B58-48C6-B7B8-B1EBA1B26B15}.Release|Mixed Platforms.ActiveCfg = Release|Any CPU
		{FB840167-4B58-48C6-B7B8-B1EBA1B26B15}.Release|Mixed Platforms.Build.0 = Release|Any CPU
		{FB840167-4B58-48C6-B7B8-B1EBA1B26B15}.Release|x86.ActiveCfg = Release|Any CPU
		{DBF48EE7-9FE1-400F-A74B-85A01AFDE948}.Debug|Any CPU.ActiveCfg = Debug|x86
		{DBF48EE7-9FE1-400F-A74B-85A01AFDE948}.Debug|Mixed Platforms.ActiveCfg = Debug|x86
		{DBF48EE7-9FE1-400F-A74B-85A01AFDE948}.Debug|Mixed Platforms.Build.0 = Debug|x86
		{DBF48EE7-9FE1-400F-A74B-85A01AFDE948}.Debug|x86.ActiveCfg = Debug|x86
		{DBF48EE7-9FE1-400F-A74B-85A01AFDE948}.Debug|x86.Build.0 = Debug|x86
		{DBF48EE7-9FE1-400F-A74B-85A01AFDE948}.Release|Any CPU.ActiveCfg = Release|x86
		{DBF48EE7-9FE1-400F-A74B-85A01AFDE948}.Release|Mixed Platforms.ActiveCfg = Release|x86
		{DBF48EE7-9FE1-400F-A74B-85A01AFDE948}.Release|Mixed Platforms.Build.0 = Release|x86
		{DBF48EE7-9FE1-400F-A74B-85A01AFDE948}.Release|x86.ActiveCfg = Release|x86
		{DBF48EE7-9FE1-400F-A74B-85A01AFDE948}.Release|x86.Build.0 = Release|x86
		{2DF07FAA-DCF1-4AAB-A310-2C3744C9EE7E}.Debug|Any CPU.ActiveCfg = Debug|x86
		{2DF07FAA-DCF1-4AAB-A310-2C3744C9EE7E}.Debug|Mixed Platforms.ActiveCfg = Debug|x86
		{2DF07FAA-DCF1-4AAB-A310-2C3744C9EE7E}.Debug|Mixed Platforms.Build.0 = Debug|x86
		{2DF07FAA-DCF1-4AAB-A310-2C3744C9EE7E}.Debug|x86.ActiveCfg = Debug|x86
		{2DF07FAA-DCF1-4AAB-A310-2C3744C9EE7E}.Debug|x86.Build.0 = Debug|x86
		{2DF07FAA-DCF1-4AAB-A310-2C3744C9EE7E}.Release|Any CPU.ActiveCfg = Release|x86
		{2DF07FAA-DCF1-4AAB-A310-2C3744C9EE7E}.Release|Mixed Platforms.ActiveCfg = Release|x86
		{2DF07FAA-DCF1-4AAB-A310-2C3744C9EE7E}.Release|Mixed Platforms.Build.0 = Release|x86
		{2DF07FAA-DCF1-4AAB-A310-2C3744C9EE7E}.Release|x86.ActiveCfg = Release|x86
		{2DF07FAA-DCF1-4AAB-A310-2C3744C9EE7E}.Release|x86.Build.0 = Release|x86
		{10967017-57D8-4439-8068-A3F274A4667B}.Debug|Any CPU.ActiveCfg = Debug|x86
		{10967017-57D8-4439-8068-A3F274A4667B}.Debug|Mixed Platforms.ActiveCfg = Debug|x86
		{10967017-57D8-4439-8068-A3F274A4667B}.Debug|Mixed Platforms.Build.0 = Debug|x86
		{10967017-57D8-4439-8068-A3F274A4667B}.Debug|x86.ActiveCfg = Debug|x86
		{10967017-57D8-4439-8068-A3F274A4667B}.Debug|x86.Build.0 = Debug|x86
		{10967017-57D8-4439-8068-A3F274A4667B}.Release|Any CPU.ActiveCfg = Release|x86
		{10967017-57D8-4439-8068-A3F274A4667B}.Release|Mixed Platforms.ActiveCfg = Release|x86
		{10967017-57D8-4439-8068-A3F274A4667B}.Release|Mixed Platforms.Build.0 = Release|x86
		{10967017-57D8-4439-8068-A3F274A4667B}.Release|x86.ActiveCfg = Release|x86
		{10967017-57D8-4439-8068-A3F274A4667B}.Release|x86.Build.0 = Release|x86
		{59FDF809-84BD-4F15-99BC-D2A1E968853B}.Debug|Any CPU.ActiveCfg = Debug|x86
		{59FDF809-84BD-4F15-99BC-D2A1E968853B}.Debug|Mixed Platforms.ActiveCfg = Debug|x86
		{59FDF809-84BD-4F15-99BC-D2A1E968853B}.Debug|Mixed Platforms.Build.0 = Debug|x86
		{59FDF809-84BD-4F15-99BC-D2A1E968853B}.Debug|x86.ActiveCfg = Debug|x86
		{59FDF809-84BD-4F15-99BC-D2A1E968853B}.Debug|x86.Build.0 = Debug|x86
		{59FDF809-84BD-4F15-99BC-D2A1E968853B}.Release|Any CPU.ActiveCfg = Release|x86
		{59FDF809-84BD-4F15-99BC-D2A1E968853B}.Release|Mixed Platforms.ActiveCfg = Release|x86
		{59FDF809-84BD-4F15-99BC-D2A1E968853B}.Release|Mixed Platforms.Build.0 = Release|x86
		{59FDF809-84BD-4F15-99BC-D2A1E968853B}.Release|x86.ActiveCfg = Release|x86
		{59FDF809-84BD-4F15-99BC-D2A1E968853B}.Release|x86.Build.0 = Release|x86
	EndGlobalSection
	GlobalSection(SolutionProperties) = preSolution
		HideSolutionNode = FALSE
	EndGlobalSection
	GlobalSection(MonoDevelopProperties) = preSolution
		StartupItem = SimulationPhys2_5\SimulationPhys2_5.csproj
	EndGlobalSection
EndGlobal
